
Microsoft Visual Studio Solution File, Format Version 12.00
# Visual Studio Version 16
VisualStudioVersion = 16.0.31019.35
MinimumVisualStudioVersion = 10.0.40219.1
Project("{FAE04EC0-301F-11D3-BF4B-00C04F79EFBC}") = "MyGarden", "MyGarden.csproj", "{35DFD44B-9008-430C-8D44-D70FB2002603}"
EndProject
Global
	GlobalSection(SolutionConfigurationPlatforms) = preSolution
		Debug|Any CPU = Debug|Any CPU
		Release|Any CPU = Release|Any CPU
	EndGlobalSection
	GlobalSection(ProjectConfigurationPlatforms) = postSolution
		{35DFD44B-9008-430C-8D44-D70FB2002603}.Debug|Any CPU.ActiveCfg = Debug|Any CPU
		{35DFD44B-9008-430C-8D44-D70FB2002603}.Debug|Any CPU.Build.0 = Debug|Any CPU
		{35DFD44B-9008-430C-8D44-D70FB2002603}.Release|Any CPU.ActiveCfg = Release|Any CPU
		{35DFD44B-9008-430C-8D44-D70FB2002603}.Release|Any CPU.Build.0 = Release|Any CPU
	EndGlobalSection
	GlobalSection(SolutionProperties) = preSolution
		HideSolutionNode = FALSE
	EndGlobalSection
	GlobalSection(ExtensibilityGlobals) = postSolution
		SolutionGuid = {F765057E-141B-4C77-945C-5FEC3D92C8FA}
	EndGlobalSection
EndGlobal
